
Microsoft Visual Studio Solution File, Format Version 12.00
# Visual Studio Version 17
VisualStudioVersion = 17.10.34928.147
MinimumVisualStudioVersion = 10.0.40219.1
Project("{FAE04EC0-301F-11D3-BF4B-00C04F79EFBC}") = "P01_StudentSystem", "P01_StudentSystem\P01_StudentSystem.csproj", "{4A32D0A4-FA1E-4F73-945A-787E7BD43943}"
EndProject
Global
	GlobalSection(SolutionConfigurationPlatforms) = preSolution
		Debug|Any CPU = Debug|Any CPU
		Release|Any CPU = Release|Any CPU
	EndGlobalSection
	GlobalSection(ProjectConfigurationPlatforms) = postSolution
		{4A32D0A4-FA1E-4F73-945A-787E7BD43943}.Debug|Any CPU.ActiveCfg = Debug|Any CPU
		{4A32D0A4-FA1E-4F73-945A-787E7BD43943}.Debug|Any CPU.Build.0 = Debug|Any CPU
		{4A32D0A4-FA1E-4F73-945A-787E7BD43943}.Release|Any CPU.ActiveCfg = Release|Any CPU
		{4A32D0A4-FA1E-4F73-945A-787E7BD43943}.Release|Any CPU.Build.0 = Release|Any CPU
	EndGlobalSection
	GlobalSection(SolutionProperties) = preSolution
		HideSolutionNode = FALSE
	EndGlobalSection
	GlobalSection(ExtensibilityGlobals) = postSolution
		SolutionGuid = {4077DA6E-4962-463D-A9B8-32FF43C9D991}
	EndGlobalSection
EndGlobal
